// !$*UTF8*$!
{
	archiveVersion = 1;
	classes = {
	};
	objectVersion = 56;
	objects = {

/* Begin PBXBuildFile section */
		1162698B2C107B6300774D32 /* RealityKitContent in Frameworks */ = {isa = PBXBuildFile; productRef = 1162698A2C107B6300774D32 /* RealityKitContent */; };
		1162698D2C107B6300774D32 /* FuegoTestApp.swift in Sources */ = {isa = PBXBuildFile; fileRef = 1162698C2C107B6300774D32 /* FuegoTestApp.swift */; };
		1162698F2C107B6300774D32 /* ContentView.swift in Sources */ = {isa = PBXBuildFile; fileRef = 1162698E2C107B6300774D32 /* ContentView.swift */; };
		116269912C107B6400774D32 /* Assets.xcassets in Resources */ = {isa = PBXBuildFile; fileRef = 116269902C107B6400774D32 /* Assets.xcassets */; };
		116269942C107B6400774D32 /* Preview Assets.xcassets in Resources */ = {isa = PBXBuildFile; fileRef = 116269932C107B6400774D32 /* Preview Assets.xcassets */; };
		1162699D2C107B8400774D32 /* Fuego.xcframework in Frameworks */ = {isa = PBXBuildFile; fileRef = 1162699C2C107B8400774D32 /* Fuego.xcframework */; };
		1162699E2C107B8400774D32 /* Fuego.xcframework in Embed Frameworks */ = {isa = PBXBuildFile; fileRef = 1162699C2C107B8400774D32 /* Fuego.xcframework */; settings = {ATTRIBUTES = (CodeSignOnCopy, RemoveHeadersOnCopy, ); }; };
		116269A12C107B9600774D32 /* FuegoTest.xcframework in Frameworks */ = {isa = PBXBuildFile; fileRef = 116269A02C107B9500774D32 /* FuegoTest.xcframework */; };
		116269A22C107B9600774D32 /* FuegoTest.xcframework in Embed Frameworks */ = {isa = PBXBuildFile; fileRef = 116269A02C107B9500774D32 /* FuegoTest.xcframework */; settings = {ATTRIBUTES = (CodeSignOnCopy, RemoveHeadersOnCopy, ); }; };
		116269A42C107BA900774D32 /* libc++.tbd in Frameworks */ = {isa = PBXBuildFile; fileRef = 116269A32C107BA000774D32 /* libc++.tbd */; };
/* End PBXBuildFile section */

/* Begin PBXCopyFilesBuildPhase section */
		1162699F2C107B8400774D32 /* Embed Frameworks */ = {
			isa = PBXCopyFilesBuildPhase;
			buildActionMask = 2147483647;
			dstPath = "";
			dstSubfolderSpec = 10;
			files = (
				116269A22C107B9600774D32 /* FuegoTest.xcframework in Embed Frameworks */,
				1162699E2C107B8400774D32 /* Fuego.xcframework in Embed Frameworks */,
			);
			name = "Embed Frameworks";
			runOnlyForDeploymentPostprocessing = 0;
		};
/* End PBXCopyFilesBuildPhase section */

/* Begin PBXFileReference section */
		116269852C107B6200774D32 /* FuegoTest.app */ = {isa = PBXFileReference; explicitFileType = wrapper.application; includeInIndex = 0; path = FuegoTest.app; sourceTree = BUILT_PRODUCTS_DIR; };
		116269892C107B6300774D32 /* RealityKitContent */ = {isa = PBXFileReference; lastKnownFileType = wrapper; path = RealityKitContent; sourceTree = "<group>"; };
		1162698C2C107B6300774D32 /* FuegoTestApp.swift */ = {isa = PBXFileReference; lastKnownFileType = sourcecode.swift; path = FuegoTestApp.swift; sourceTree = "<group>"; };
		1162698E2C107B6300774D32 /* ContentView.swift */ = {isa = PBXFileReference; lastKnownFileType = sourcecode.swift; path = ContentView.swift; sourceTree = "<group>"; };
		116269902C107B6400774D32 /* Assets.xcassets */ = {isa = PBXFileReference; lastKnownFileType = folder.assetcatalog; path = Assets.xcassets; sourceTree = "<group>"; };
		116269932C107B6400774D32 /* Preview Assets.xcassets */ = {isa = PBXFileReference; lastKnownFileType = folder.assetcatalog; path = "Preview Assets.xcassets"; sourceTree = "<group>"; };
		116269952C107B6400774D32 /* Info.plist */ = {isa = PBXFileReference; lastKnownFileType = text.plist.xml; path = Info.plist; sourceTree = "<group>"; };
		1162699C2C107B8400774D32 /* Fuego.xcframework */ = {isa = PBXFileReference; lastKnownFileType = wrapper.xcframework; name = Fuego.xcframework; path = ../../build/Fuego.xcframework; sourceTree = "<group>"; };
		116269A02C107B9500774D32 /* FuegoTest.xcframework */ = {isa = PBXFileReference; lastKnownFileType = wrapper.xcframework; name = FuegoTest.xcframework; path = ../../build/FuegoTest.xcframework; sourceTree = "<group>"; };
		116269A32C107BA000774D32 /* libc++.tbd */ = {isa = PBXFileReference; lastKnownFileType = "sourcecode.text-based-dylib-definition"; name = "libc++.tbd"; path = "usr/lib/libc++.tbd"; sourceTree = SDKROOT; };
		116269A52C107C0100774D32 /* FuegoTest-Bridging-Header.h */ = {isa = PBXFileReference; lastKnownFileType = sourcecode.c.h; path = "FuegoTest-Bridging-Header.h"; sourceTree = "<group>"; };
/* End PBXFileReference section */

/* Begin PBXFrameworksBuildPhase section */
		116269822C107B6200774D32 /* Frameworks */ = {
			isa = PBXFrameworksBuildPhase;
			buildActionMask = 2147483647;
			files = (
				116269A12C107B9600774D32 /* FuegoTest.xcframework in Frameworks */,
				1162699D2C107B8400774D32 /* Fuego.xcframework in Frameworks */,
				116269A42C107BA900774D32 /* libc++.tbd in Frameworks */,
				1162698B2C107B6300774D32 /* RealityKitContent in Frameworks */,
			);
			runOnlyForDeploymentPostprocessing = 0;
		};
/* End PBXFrameworksBuildPhase section */

/* Begin PBXGroup section */
		1162697C2C107B6200774D32 = {
			isa = PBXGroup;
			children = (
				116269872C107B6200774D32 /* FuegoTest */,
				116269882C107B6300774D32 /* Packages */,
				116269862C107B6200774D32 /* Products */,
				1162699B2C107B8400774D32 /* Frameworks */,
			);
			sourceTree = "<group>";
		};
		116269862C107B6200774D32 /* Products */ = {
			isa = PBXGroup;
			children = (
				116269852C107B6200774D32 /* FuegoTest.app */,
			);
			name = Products;
			sourceTree = "<group>";
		};
		116269872C107B6200774D32 /* FuegoTest */ = {
			isa = PBXGroup;
			children = (
				1162698C2C107B6300774D32 /* FuegoTestApp.swift */,
				1162698E2C107B6300774D32 /* ContentView.swift */,
				116269902C107B6400774D32 /* Assets.xcassets */,
				116269952C107B6400774D32 /* Info.plist */,
				116269922C107B6400774D32 /* Preview Content */,
				116269A52C107C0100774D32 /* FuegoTest-Bridging-Header.h */,
			);
			path = FuegoTest;
			sourceTree = "<group>";
		};
		116269882C107B6300774D32 /* Packages */ = {
			isa = PBXGroup;
			children = (
				116269892C107B6300774D32 /* RealityKitContent */,
			);
			path = Packages;
			sourceTree = "<group>";
		};
		116269922C107B6400774D32 /* Preview Content */ = {
			isa = PBXGroup;
			children = (
				116269932C107B6400774D32 /* Preview Assets.xcassets */,
			);
			path = "Preview Content";
			sourceTree = "<group>";
		};
		1162699B2C107B8400774D32 /* Frameworks */ = {
			isa = PBXGroup;
			children = (
				116269A32C107BA000774D32 /* libc++.tbd */,
				116269A02C107B9500774D32 /* FuegoTest.xcframework */,
				1162699C2C107B8400774D32 /* Fuego.xcframework */,
			);
			name = Frameworks;
			sourceTree = "<group>";
		};
/* End PBXGroup section */

/* Begin PBXNativeTarget section */
		116269842C107B6200774D32 /* FuegoTest */ = {
			isa = PBXNativeTarget;
			buildConfigurationList = 116269982C107B6400774D32 /* Build configuration list for PBXNativeTarget "FuegoTest" */;
			buildPhases = (
				116269812C107B6200774D32 /* Sources */,
				116269822C107B6200774D32 /* Frameworks */,
				116269832C107B6200774D32 /* Resources */,
				1162699F2C107B8400774D32 /* Embed Frameworks */,
			);
			buildRules = (
			);
			dependencies = (
			);
			name = FuegoTest;
			packageProductDependencies = (
				1162698A2C107B6300774D32 /* RealityKitContent */,
			);
			productName = FuegoTest;
			productReference = 116269852C107B6200774D32 /* FuegoTest.app */;
			productType = "com.apple.product-type.application";
		};
/* End PBXNativeTarget section */

/* Begin PBXProject section */
		1162697D2C107B6200774D32 /* Project object */ = {
			isa = PBXProject;
			attributes = {
				BuildIndependentTargetsInParallel = 1;
				LastSwiftUpdateCheck = 1540;
				LastUpgradeCheck = 1540;
				TargetAttributes = {
					116269842C107B6200774D32 = {
						CreatedOnToolsVersion = 15.4;
						LastSwiftMigration = 1540;
					};
				};
			};
			buildConfigurationList = 116269802C107B6200774D32 /* Build configuration list for PBXProject "FuegoTest" */;
			compatibilityVersion = "Xcode 14.0";
			developmentRegion = en;
			hasScannedForEncodings = 0;
			knownRegions = (
				en,
				Base,
			);
			mainGroup = 1162697C2C107B6200774D32;
			productRefGroup = 116269862C107B6200774D32 /* Products */;
			projectDirPath = "";
			projectRoot = "";
			targets = (
				116269842C107B6200774D32 /* FuegoTest */,
			);
		};
/* End PBXProject section */

/* Begin PBXResourcesBuildPhase section */
		116269832C107B6200774D32 /* Resources */ = {
			isa = PBXResourcesBuildPhase;
			buildActionMask = 2147483647;
			files = (
				116269942C107B6400774D32 /* Preview Assets.xcassets in Resources */,
				116269912C107B6400774D32 /* Assets.xcassets in Resources */,
			);
			runOnlyForDeploymentPostprocessing = 0;
		};
/* End PBXResourcesBuildPhase section */

/* Begin PBXSourcesBuildPhase section */
		116269812C107B6200774D32 /* Sources */ = {
			isa = PBXSourcesBuildPhase;
			buildActionMask = 2147483647;
			files = (
				1162698F2C107B6300774D32 /* ContentView.swift in Sources */,
				1162698D2C107B6300774D32 /* FuegoTestApp.swift in Sources */,
			);
			runOnlyForDeploymentPostprocessing = 0;
		};
/* End PBXSourcesBuildPhase section */

/* Begin XCBuildConfiguration section */
		116269962C107B6400774D32 /* Debug */ = {
			isa = XCBuildConfiguration;
			buildSettings = {
				ALWAYS_SEARCH_USER_PATHS = NO;
				ASSETCATALOG_COMPILER_GENERATE_SWIFT_ASSET_SYMBOL_EXTENSIONS = YES;
				CLANG_ANALYZER_NONNULL = YES;
				CLANG_ANALYZER_NUMBER_OBJECT_CONVERSION = YES_AGGRESSIVE;
				CLANG_CXX_LANGUAGE_STANDARD = "gnu++20";
				CLANG_ENABLE_MODULES = YES;
				CLANG_ENABLE_OBJC_ARC = YES;
				CLANG_ENABLE_OBJC_WEAK = YES;
				CLANG_WARN_BLOCK_CAPTURE_AUTORELEASING = YES;
				CLANG_WARN_BOOL_CONVERSION = YES;
				CLANG_WARN_COMMA = YES;
				CLANG_WARN_CONSTANT_CONVERSION = YES;
				CLANG_WARN_DEPRECATED_OBJC_IMPLEMENTATIONS = YES;
				CLANG_WARN_DIRECT_OBJC_ISA_USAGE = YES_ERROR;
				CLANG_WARN_DOCUMENTATION_COMMENTS = YES;
				CLANG_WARN_EMPTY_BODY = YES;
				CLANG_WARN_ENUM_CONVERSION = YES;
				CLANG_WARN_INFINITE_RECURSION = YES;
				CLANG_WARN_INT_CONVERSION = YES;
				CLANG_WARN_NON_LITERAL_NULL_CONVERSION = YES;
				CLANG_WARN_OBJC_IMPLICIT_RETAIN_SELF = YES;
				CLANG_WARN_OBJC_LITERAL_CONVERSION = YES;
				CLANG_WARN_OBJC_ROOT_CLASS = YES_ERROR;
				CLANG_WARN_QUOTED_INCLUDE_IN_FRAMEWORK_HEADER = YES;
				CLANG_WARN_RANGE_LOOP_ANALYSIS = YES;
				CLANG_WARN_STRICT_PROTOTYPES = YES;
				CLANG_WARN_SUSPICIOUS_MOVE = YES;
				CLANG_WARN_UNGUARDED_AVAILABILITY = YES_AGGRESSIVE;
				CLANG_WARN_UNREACHABLE_CODE = YES;
				CLANG_WARN__DUPLICATE_METHOD_MATCH = YES;
				COPY_PHASE_STRIP = NO;
				DEBUG_INFORMATION_FORMAT = dwarf;
				ENABLE_STRICT_OBJC_MSGSEND = YES;
				ENABLE_TESTABILITY = YES;
				ENABLE_USER_SCRIPT_SANDBOXING = YES;
				GCC_C_LANGUAGE_STANDARD = gnu17;
				GCC_DYNAMIC_NO_PIC = NO;
				GCC_NO_COMMON_BLOCKS = YES;
				GCC_OPTIMIZATION_LEVEL = 0;
				GCC_PREPROCESSOR_DEFINITIONS = (
					"DEBUG=1",
					"$(inherited)",
				);
				GCC_WARN_64_TO_32_BIT_CONVERSION = YES;
				GCC_WARN_ABOUT_RETURN_TYPE = YES_ERROR;
				GCC_WARN_UNDECLARED_SELECTOR = YES;
				GCC_WARN_UNINITIALIZED_AUTOS = YES_AGGRESSIVE;
				GCC_WARN_UNUSED_FUNCTION = YES;
				GCC_WARN_UNUSED_VARIABLE = YES;
				LOCALIZATION_PREFERS_STRING_CATALOGS = YES;
				MTL_ENABLE_DEBUG_INFO = INCLUDE_SOURCE;
				MTL_FAST_MATH = YES;
				ONLY_ACTIVE_ARCH = YES;
				SDKROOT = xros;
				SWIFT_ACTIVE_COMPILATION_CONDITIONS = "DEBUG $(inherited)";
				SWIFT_OPTIMIZATION_LEVEL = "-Onone";
				XROS_DEPLOYMENT_TARGET = 1.2;
			};
			name = Debug;
		};
		116269972C107B6400774D32 /* Release */ = {
			isa = XCBuildConfiguration;
			buildSettings = {
				ALWAYS_SEARCH_USER_PATHS = NO;
				ASSETCATALOG_COMPILER_GENERATE_SWIFT_ASSET_SYMBOL_EXTENSIONS = YES;
				CLANG_ANALYZER_NONNULL = YES;
				CLANG_ANALYZER_NUMBER_OBJECT_CONVERSION = YES_AGGRESSIVE;
				CLANG_CXX_LANGUAGE_STANDARD = "gnu++20";
				CLANG_ENABLE_MODULES = YES;
				CLANG_ENABLE_OBJC_ARC = YES;
				CLANG_ENABLE_OBJC_WEAK = YES;
				CLANG_WARN_BLOCK_CAPTURE_AUTORELEASING = YES;
				CLANG_WARN_BOOL_CONVERSION = YES;
				CLANG_WARN_COMMA = YES;
				CLANG_WARN_CONSTANT_CONVERSION = YES;
				CLANG_WARN_DEPRECATED_OBJC_IMPLEMENTATIONS = YES;
				CLANG_WARN_DIRECT_OBJC_ISA_USAGE = YES_ERROR;
				CLANG_WARN_DOCUMENTATION_COMMENTS = YES;
				CLANG_WARN_EMPTY_BODY = YES;
				CLANG_WARN_ENUM_CONVERSION = YES;
				CLANG_WARN_INFINITE_RECURSION = YES;
				CLANG_WARN_INT_CONVERSION = YES;
				CLANG_WARN_NON_LITERAL_NULL_CONVERSION = YES;
				CLANG_WARN_OBJC_IMPLICIT_RETAIN_SELF = YES;
				CLANG_WARN_OBJC_LITERAL_CONVERSION = YES;
				CLANG_WARN_OBJC_ROOT_CLASS = YES_ERROR;
				CLANG_WARN_QUOTED_INCLUDE_IN_FRAMEWORK_HEADER = YES;
				CLANG_WARN_RANGE_LOOP_ANALYSIS = YES;
				CLANG_WARN_STRICT_PROTOTYPES = YES;
				CLANG_WARN_SUSPICIOUS_MOVE = YES;
				CLANG_WARN_UNGUARDED_AVAILABILITY = YES_AGGRESSIVE;
				CLANG_WARN_UNREACHABLE_CODE = YES;
				CLANG_WARN__DUPLICATE_METHOD_MATCH = YES;
				COPY_PHASE_STRIP = NO;
				DEBUG_INFORMATION_FORMAT = "dwarf-with-dsym";
				ENABLE_NS_ASSERTIONS = NO;
				ENABLE_STRICT_OBJC_MSGSEND = YES;
				ENABLE_USER_SCRIPT_SANDBOXING = YES;
				GCC_C_LANGUAGE_STANDARD = gnu17;
				GCC_NO_COMMON_BLOCKS = YES;
				GCC_WARN_64_TO_32_BIT_CONVERSION = YES;
				GCC_WARN_ABOUT_RETURN_TYPE = YES_ERROR;
				GCC_WARN_UNDECLARED_SELECTOR = YES;
				GCC_WARN_UNINITIALIZED_AUTOS = YES_AGGRESSIVE;
				GCC_WARN_UNUSED_FUNCTION = YES;
				GCC_WARN_UNUSED_VARIABLE = YES;
				LOCALIZATION_PREFERS_STRING_CATALOGS = YES;
				MTL_ENABLE_DEBUG_INFO = NO;
				MTL_FAST_MATH = YES;
				SDKROOT = xros;
				SWIFT_COMPILATION_MODE = wholemodule;
				VALIDATE_PRODUCT = YES;
				XROS_DEPLOYMENT_TARGET = 1.2;
			};
			name = Release;
		};
		116269992C107B6400774D32 /* Debug */ = {
			isa = XCBuildConfiguration;
			buildSettings = {
				ASSETCATALOG_COMPILER_APPICON_NAME = AppIcon;
				ASSETCATALOG_COMPILER_GLOBAL_ACCENT_COLOR_NAME = AccentColor;
				CLANG_ENABLE_MODULES = YES;
				CODE_SIGN_STYLE = Automatic;
				CURRENT_PROJECT_VERSION = 1;
				DEVELOPMENT_ASSET_PATHS = "\"FuegoTest/Preview Content\"";
				ENABLE_PREVIEWS = YES;
				GENERATE_INFOPLIST_FILE = YES;
				INFOPLIST_FILE = "$(TARGET_NAME)/Info.plist";
				LD_RUNPATH_SEARCH_PATHS = (
					"$(inherited)",
					"@executable_path/Frameworks",
				);
				MARKETING_VERSION = 1.0;
				PRODUCT_BUNDLE_IDENTIFIER = mesqueeb.FuegoTest;
				PRODUCT_NAME = "$(TARGET_NAME)";
				SUPPORTED_PLATFORMS = "xros xrsimulator";
				SWIFT_EMIT_LOC_STRINGS = YES;
				SWIFT_OBJC_BRIDGING_HEADER = "FuegoTest/FuegoTest-Bridging-Header.h";
				SWIFT_OPTIMIZATION_LEVEL = "-Onone";
				SWIFT_VERSION = 5.0;
				TARGETED_DEVICE_FAMILY = "1,2,7";
			};
			name = Debug;
		};
		1162699A2C107B6400774D32 /* Release */ = {
			isa = XCBuildConfiguration;
			buildSettings = {
				ASSETCATALOG_COMPILER_APPICON_NAME = AppIcon;
				ASSETCATALOG_COMPILER_GLOBAL_ACCENT_COLOR_NAME = AccentColor;
				CLANG_ENABLE_MODULES = YES;
				CODE_SIGN_STYLE = Automatic;
				CURRENT_PROJECT_VERSION = 1;
				DEVELOPMENT_ASSET_PATHS = "\"FuegoTest/Preview Content\"";
				ENABLE_PREVIEWS = YES;
				GENERATE_INFOPLIST_FILE = YES;
				INFOPLIST_FILE = "$(TARGET_NAME)/Info.plist";
				LD_RUNPATH_SEARCH_PATHS = (
					"$(inherited)",
					"@executable_path/Frameworks",
				);
				MARKETING_VERSION = 1.0;
				PRODUCT_BUNDLE_IDENTIFIER = mesqueeb.FuegoTest;
				PRODUCT_NAME = "$(TARGET_NAME)";
				SUPPORTED_PLATFORMS = "xros xrsimulator";
				SWIFT_EMIT_LOC_STRINGS = YES;
				SWIFT_OBJC_BRIDGING_HEADER = "FuegoTest/FuegoTest-Bridging-Header.h";
				SWIFT_VERSION = 5.0;
				TARGETED_DEVICE_FAMILY = "1,2,7";
			};
			name = Release;
		};
/* End XCBuildConfiguration section */

/* Begin XCConfigurationList section */
		116269802C107B6200774D32 /* Build configuration list for PBXProject "FuegoTest" */ = {
			isa = XCConfigurationList;
			buildConfigurations = (
				116269962C107B6400774D32 /* Debug */,
				116269972C107B6400774D32 /* Release */,
			);
			defaultConfigurationIsVisible = 0;
			defaultConfigurationName = Release;
		};
		116269982C107B6400774D32 /* Build configuration list for PBXNativeTarget "FuegoTest" */ = {
			isa = XCConfigurationList;
			buildConfigurations = (
				116269992C107B6400774D32 /* Debug */,
				1162699A2C107B6400774D32 /* Release */,
			);
			defaultConfigurationIsVisible = 0;
			defaultConfigurationName = Release;
		};
/* End XCConfigurationList section */

/* Begin XCSwiftPackageProductDependency section */
		1162698A2C107B6300774D32 /* RealityKitContent */ = {
			isa = XCSwiftPackageProductDependency;
			productName = RealityKitContent;
		};
/* End XCSwiftPackageProductDependency section */
	};
	rootObject = 1162697D2C107B6200774D32 /* Project object */;
}
