// !$*UTF8*$!
{
	archiveVersion = 1;
	classes = {
	};
	objectVersion = 56;
	objects = {

/* Begin PBXBuildFile section */
		F71F4F102C135C7400B5D0FE /* FuegoBridge.cpp in Sources */ = {isa = PBXBuildFile; fileRef = F71F4F0B2C135C7400B5D0FE /* FuegoBridge.cpp */; };
		F71F4F112C135C7400B5D0FE /* FuegoBridge.swift in Sources */ = {isa = PBXBuildFile; fileRef = F71F4F0D2C135C7400B5D0FE /* FuegoBridge.swift */; };
		F728A26C2C1804A400C07DA2 /* Types.swift in Sources */ = {isa = PBXBuildFile; fileRef = F728A26B2C1804A400C07DA2 /* Types.swift */; };
		F728A26E2C1804E400C07DA2 /* Helpers.swift in Sources */ = {isa = PBXBuildFile; fileRef = F728A26D2C1804E400C07DA2 /* Helpers.swift */; };
		F7A4060D2C13418E008FBC77 /* FuegoTestAppApp.swift in Sources */ = {isa = PBXBuildFile; fileRef = F7A4060C2C13418E008FBC77 /* FuegoTestAppApp.swift */; };
		F7A4060F2C13418E008FBC77 /* ContentView.swift in Sources */ = {isa = PBXBuildFile; fileRef = F7A4060E2C13418E008FBC77 /* ContentView.swift */; };
		F7A406112C13418F008FBC77 /* Assets.xcassets in Resources */ = {isa = PBXBuildFile; fileRef = F7A406102C13418F008FBC77 /* Assets.xcassets */; };
		F7A406152C13418F008FBC77 /* Preview Assets.xcassets in Resources */ = {isa = PBXBuildFile; fileRef = F7A406142C13418F008FBC77 /* Preview Assets.xcassets */; };
		F7A4061D2C134233008FBC77 /* Fuego.xcframework in Frameworks */ = {isa = PBXBuildFile; fileRef = F7A4061C2C134233008FBC77 /* Fuego.xcframework */; };
		F7A4061E2C134233008FBC77 /* Fuego.xcframework in Embed Frameworks */ = {isa = PBXBuildFile; fileRef = F7A4061C2C134233008FBC77 /* Fuego.xcframework */; settings = {ATTRIBUTES = (CodeSignOnCopy, RemoveHeadersOnCopy, ); }; };
		F7A406442C1347D7008FBC77 /* book.dat in Resources */ = {isa = PBXBuildFile; fileRef = F7A406432C1347D6008FBC77 /* book.dat */; };
		F7F406092C136F1E000DCDAD /* FuegoCBridge in Frameworks */ = {isa = PBXBuildFile; productRef = F7F406082C136F1E000DCDAD /* FuegoCBridge */; };
/* End PBXBuildFile section */

/* Begin PBXCopyFilesBuildPhase section */
		F7A4061F2C134233008FBC77 /* Embed Frameworks */ = {
			isa = PBXCopyFilesBuildPhase;
			buildActionMask = 2147483647;
			dstPath = "";
			dstSubfolderSpec = 10;
			files = (
				F7A4061E2C134233008FBC77 /* Fuego.xcframework in Embed Frameworks */,
			);
			name = "Embed Frameworks";
			runOnlyForDeploymentPostprocessing = 0;
		};
/* End PBXCopyFilesBuildPhase section */

/* Begin PBXFileReference section */
		F71F4F092C135C7400B5D0FE /* FuegoBridge.hpp */ = {isa = PBXFileReference; fileEncoding = 4; lastKnownFileType = sourcecode.cpp.h; path = FuegoBridge.hpp; sourceTree = "<group>"; };
		F71F4F0B2C135C7400B5D0FE /* FuegoBridge.cpp */ = {isa = PBXFileReference; fileEncoding = 4; lastKnownFileType = sourcecode.cpp.cpp; path = FuegoBridge.cpp; sourceTree = "<group>"; };
		F71F4F0D2C135C7400B5D0FE /* FuegoBridge.swift */ = {isa = PBXFileReference; fileEncoding = 4; lastKnownFileType = sourcecode.swift; path = FuegoBridge.swift; sourceTree = "<group>"; };
		F728A26B2C1804A400C07DA2 /* Types.swift */ = {isa = PBXFileReference; lastKnownFileType = sourcecode.swift; path = Types.swift; sourceTree = "<group>"; };
		F728A26D2C1804E400C07DA2 /* Helpers.swift */ = {isa = PBXFileReference; lastKnownFileType = sourcecode.swift; path = Helpers.swift; sourceTree = "<group>"; };
		F7A406092C13418E008FBC77 /* FuegoTestApp.app */ = {isa = PBXFileReference; explicitFileType = wrapper.application; includeInIndex = 0; path = FuegoTestApp.app; sourceTree = BUILT_PRODUCTS_DIR; };
		F7A4060C2C13418E008FBC77 /* FuegoTestAppApp.swift */ = {isa = PBXFileReference; lastKnownFileType = sourcecode.swift; path = FuegoTestAppApp.swift; sourceTree = "<group>"; };
		F7A4060E2C13418E008FBC77 /* ContentView.swift */ = {isa = PBXFileReference; lastKnownFileType = sourcecode.swift; path = ContentView.swift; sourceTree = "<group>"; };
		F7A406102C13418F008FBC77 /* Assets.xcassets */ = {isa = PBXFileReference; lastKnownFileType = folder.assetcatalog; path = Assets.xcassets; sourceTree = "<group>"; };
		F7A406122C13418F008FBC77 /* FuegoTestApp.entitlements */ = {isa = PBXFileReference; lastKnownFileType = text.plist.entitlements; path = FuegoTestApp.entitlements; sourceTree = "<group>"; };
		F7A406142C13418F008FBC77 /* Preview Assets.xcassets */ = {isa = PBXFileReference; lastKnownFileType = folder.assetcatalog; path = "Preview Assets.xcassets"; sourceTree = "<group>"; };
		F7A4061C2C134233008FBC77 /* Fuego.xcframework */ = {isa = PBXFileReference; lastKnownFileType = wrapper.xcframework; name = Fuego.xcframework; path = ../build/Fuego.xcframework; sourceTree = "<group>"; };
		F7A406422C134536008FBC77 /* libc++.tbd */ = {isa = PBXFileReference; lastKnownFileType = "sourcecode.text-based-dylib-definition"; name = "libc++.tbd"; path = "Platforms/iPhoneOS.platform/Developer/SDKs/iPhoneOS17.4.sdk/usr/lib/libc++.tbd"; sourceTree = DEVELOPER_DIR; };
		F7A406432C1347D6008FBC77 /* book.dat */ = {isa = PBXFileReference; fileEncoding = 4; lastKnownFileType = text; name = book.dat; path = ../../book/book.dat; sourceTree = "<group>"; };
		F7F406062C136E71000DCDAD /* Package.swift */ = {isa = PBXFileReference; lastKnownFileType = sourcecode.swift; name = Package.swift; path = ../Package.swift; sourceTree = "<group>"; };
		F7F406072C136F09000DCDAD /* FuegoCBridge */ = {isa = PBXFileReference; lastKnownFileType = wrapper; path = FuegoCBridge; sourceTree = "<group>"; };
/* End PBXFileReference section */

/* Begin PBXFrameworksBuildPhase section */
		F7A406062C13418E008FBC77 /* Frameworks */ = {
			isa = PBXFrameworksBuildPhase;
			buildActionMask = 2147483647;
			files = (
				F7F406092C136F1E000DCDAD /* FuegoCBridge in Frameworks */,
				F7A4061D2C134233008FBC77 /* Fuego.xcframework in Frameworks */,
			);
			runOnlyForDeploymentPostprocessing = 0;
		};
/* End PBXFrameworksBuildPhase section */

/* Begin PBXGroup section */
		F71F4F0A2C135C7400B5D0FE /* include */ = {
			isa = PBXGroup;
			children = (
				F71F4F092C135C7400B5D0FE /* FuegoBridge.hpp */,
			);
			path = include;
			sourceTree = "<group>";
		};
		F71F4F0C2C135C7400B5D0FE /* CBridge */ = {
			isa = PBXGroup;
			children = (
				F71F4F0A2C135C7400B5D0FE /* include */,
				F71F4F0B2C135C7400B5D0FE /* FuegoBridge.cpp */,
			);
			path = CBridge;
			sourceTree = "<group>";
		};
		F71F4F0E2C135C7400B5D0FE /* SwiftBridge */ = {
			isa = PBXGroup;
			children = (
				F71F4F0D2C135C7400B5D0FE /* FuegoBridge.swift */,
				F728A26D2C1804E400C07DA2 /* Helpers.swift */,
				F728A26B2C1804A400C07DA2 /* Types.swift */,
			);
			path = SwiftBridge;
			sourceTree = "<group>";
		};
		F71F4F0F2C135C7400B5D0FE /* FuegoOnAppleSilicon */ = {
			isa = PBXGroup;
			children = (
				F71F4F0C2C135C7400B5D0FE /* CBridge */,
				F71F4F0E2C135C7400B5D0FE /* SwiftBridge */,
			);
			name = FuegoOnAppleSilicon;
			path = ../../FuegoOnAppleSilicon;
			sourceTree = "<group>";
		};
		F7A406002C13418E008FBC77 = {
			isa = PBXGroup;
			children = (
				F7A4060B2C13418E008FBC77 /* FuegoTestApp */,
				F7A4060A2C13418E008FBC77 /* Products */,
				F7A4061B2C134233008FBC77 /* Frameworks */,
			);
			sourceTree = "<group>";
		};
		F7A4060A2C13418E008FBC77 /* Products */ = {
			isa = PBXGroup;
			children = (
				F7A406092C13418E008FBC77 /* FuegoTestApp.app */,
			);
			name = Products;
			sourceTree = "<group>";
		};
		F7A4060B2C13418E008FBC77 /* FuegoTestApp */ = {
			isa = PBXGroup;
			children = (
				F7F406072C136F09000DCDAD /* FuegoCBridge */,
				F71F4F0F2C135C7400B5D0FE /* FuegoOnAppleSilicon */,
				F7A4060C2C13418E008FBC77 /* FuegoTestAppApp.swift */,
				F7A4060E2C13418E008FBC77 /* ContentView.swift */,
				F7A406102C13418F008FBC77 /* Assets.xcassets */,
				F7A406122C13418F008FBC77 /* FuegoTestApp.entitlements */,
				F7A406432C1347D6008FBC77 /* book.dat */,
				F7A406132C13418F008FBC77 /* Preview Content */,
			);
			path = FuegoTestApp;
			sourceTree = "<group>";
		};
		F7A406132C13418F008FBC77 /* Preview Content */ = {
			isa = PBXGroup;
			children = (
				F7A406142C13418F008FBC77 /* Preview Assets.xcassets */,
			);
			path = "Preview Content";
			sourceTree = "<group>";
		};
		F7A4061B2C134233008FBC77 /* Frameworks */ = {
			isa = PBXGroup;
			children = (
				F7F406062C136E71000DCDAD /* Package.swift */,
				F7A406422C134536008FBC77 /* libc++.tbd */,
				F7A4061C2C134233008FBC77 /* Fuego.xcframework */,
			);
			name = Frameworks;
			sourceTree = "<group>";
		};
/* End PBXGroup section */

/* Begin PBXNativeTarget section */
		F7A406082C13418E008FBC77 /* FuegoTestApp */ = {
			isa = PBXNativeTarget;
			buildConfigurationList = F7A406182C13418F008FBC77 /* Build configuration list for PBXNativeTarget "FuegoTestApp" */;
			buildPhases = (
				F7A406052C13418E008FBC77 /* Sources */,
				F7A406062C13418E008FBC77 /* Frameworks */,
				F7A406072C13418E008FBC77 /* Resources */,
				F7A4061F2C134233008FBC77 /* Embed Frameworks */,
			);
			buildRules = (
			);
			dependencies = (
			);
			name = FuegoTestApp;
			packageProductDependencies = (
				F7F406082C136F1E000DCDAD /* FuegoCBridge */,
			);
			productName = FuegoTestApp;
			productReference = F7A406092C13418E008FBC77 /* FuegoTestApp.app */;
			productType = "com.apple.product-type.application";
		};
/* End PBXNativeTarget section */

/* Begin PBXProject section */
		F7A406012C13418E008FBC77 /* Project object */ = {
			isa = PBXProject;
			attributes = {
				BuildIndependentTargetsInParallel = 1;
				LastSwiftUpdateCheck = 1530;
				LastUpgradeCheck = 1530;
				TargetAttributes = {
					F7A406082C13418E008FBC77 = {
						CreatedOnToolsVersion = 15.3;
					};
				};
			};
			buildConfigurationList = F7A406042C13418E008FBC77 /* Build configuration list for PBXProject "FuegoTestApp" */;
			compatibilityVersion = "Xcode 14.0";
			developmentRegion = en;
			hasScannedForEncodings = 0;
			knownRegions = (
				en,
				Base,
			);
			mainGroup = F7A406002C13418E008FBC77;
			packageReferences = (
			);
			productRefGroup = F7A4060A2C13418E008FBC77 /* Products */;
			projectDirPath = "";
			projectRoot = "";
			targets = (
				F7A406082C13418E008FBC77 /* FuegoTestApp */,
			);
		};
/* End PBXProject section */

/* Begin PBXResourcesBuildPhase section */
		F7A406072C13418E008FBC77 /* Resources */ = {
			isa = PBXResourcesBuildPhase;
			buildActionMask = 2147483647;
			files = (
				F7A406442C1347D7008FBC77 /* book.dat in Resources */,
				F7A406152C13418F008FBC77 /* Preview Assets.xcassets in Resources */,
				F7A406112C13418F008FBC77 /* Assets.xcassets in Resources */,
			);
			runOnlyForDeploymentPostprocessing = 0;
		};
/* End PBXResourcesBuildPhase section */

/* Begin PBXSourcesBuildPhase section */
		F7A406052C13418E008FBC77 /* Sources */ = {
			isa = PBXSourcesBuildPhase;
			buildActionMask = 2147483647;
			files = (
				F7A4060F2C13418E008FBC77 /* ContentView.swift in Sources */,
				F728A26E2C1804E400C07DA2 /* Helpers.swift in Sources */,
				F7A4060D2C13418E008FBC77 /* FuegoTestAppApp.swift in Sources */,
				F71F4F102C135C7400B5D0FE /* FuegoBridge.cpp in Sources */,
				F728A26C2C1804A400C07DA2 /* Types.swift in Sources */,
				F71F4F112C135C7400B5D0FE /* FuegoBridge.swift in Sources */,
			);
			runOnlyForDeploymentPostprocessing = 0;
		};
/* End PBXSourcesBuildPhase section */

/* Begin XCBuildConfiguration section */
		F7A406162C13418F008FBC77 /* Debug */ = {
			isa = XCBuildConfiguration;
			buildSettings = {
				ALWAYS_SEARCH_USER_PATHS = NO;
				ASSETCATALOG_COMPILER_GENERATE_SWIFT_ASSET_SYMBOL_EXTENSIONS = YES;
				CLANG_ANALYZER_NONNULL = YES;
				CLANG_ANALYZER_NUMBER_OBJECT_CONVERSION = YES_AGGRESSIVE;
				CLANG_CXX_LANGUAGE_STANDARD = "gnu++20";
				CLANG_ENABLE_MODULES = YES;
				CLANG_ENABLE_OBJC_ARC = YES;
				CLANG_ENABLE_OBJC_WEAK = YES;
				CLANG_WARN_BLOCK_CAPTURE_AUTORELEASING = YES;
				CLANG_WARN_BOOL_CONVERSION = YES;
				CLANG_WARN_COMMA = YES;
				CLANG_WARN_CONSTANT_CONVERSION = YES;
				CLANG_WARN_DEPRECATED_OBJC_IMPLEMENTATIONS = YES;
				CLANG_WARN_DIRECT_OBJC_ISA_USAGE = YES_ERROR;
				CLANG_WARN_DOCUMENTATION_COMMENTS = YES;
				CLANG_WARN_EMPTY_BODY = YES;
				CLANG_WARN_ENUM_CONVERSION = YES;
				CLANG_WARN_INFINITE_RECURSION = YES;
				CLANG_WARN_INT_CONVERSION = YES;
				CLANG_WARN_NON_LITERAL_NULL_CONVERSION = YES;
				CLANG_WARN_OBJC_IMPLICIT_RETAIN_SELF = YES;
				CLANG_WARN_OBJC_LITERAL_CONVERSION = YES;
				CLANG_WARN_OBJC_ROOT_CLASS = YES_ERROR;
				CLANG_WARN_QUOTED_INCLUDE_IN_FRAMEWORK_HEADER = YES;
				CLANG_WARN_RANGE_LOOP_ANALYSIS = YES;
				CLANG_WARN_STRICT_PROTOTYPES = YES;
				CLANG_WARN_SUSPICIOUS_MOVE = YES;
				CLANG_WARN_UNGUARDED_AVAILABILITY = YES_AGGRESSIVE;
				CLANG_WARN_UNREACHABLE_CODE = YES;
				CLANG_WARN__DUPLICATE_METHOD_MATCH = YES;
				COPY_PHASE_STRIP = NO;
				DEBUG_INFORMATION_FORMAT = dwarf;
				ENABLE_STRICT_OBJC_MSGSEND = YES;
				ENABLE_TESTABILITY = YES;
				ENABLE_USER_SCRIPT_SANDBOXING = YES;
				GCC_C_LANGUAGE_STANDARD = gnu17;
				GCC_DYNAMIC_NO_PIC = NO;
				GCC_NO_COMMON_BLOCKS = YES;
				GCC_OPTIMIZATION_LEVEL = 0;
				GCC_PREPROCESSOR_DEFINITIONS = (
					"DEBUG=1",
					"$(inherited)",
				);
				GCC_WARN_64_TO_32_BIT_CONVERSION = YES;
				GCC_WARN_ABOUT_RETURN_TYPE = YES_ERROR;
				GCC_WARN_UNDECLARED_SELECTOR = YES;
				GCC_WARN_UNINITIALIZED_AUTOS = YES_AGGRESSIVE;
				GCC_WARN_UNUSED_FUNCTION = YES;
				GCC_WARN_UNUSED_VARIABLE = YES;
				LOCALIZATION_PREFERS_STRING_CATALOGS = YES;
				MTL_ENABLE_DEBUG_INFO = INCLUDE_SOURCE;
				MTL_FAST_MATH = YES;
				ONLY_ACTIVE_ARCH = YES;
				SWIFT_ACTIVE_COMPILATION_CONDITIONS = "DEBUG $(inherited)";
				SWIFT_OPTIMIZATION_LEVEL = "-Onone";
			};
			name = Debug;
		};
		F7A406172C13418F008FBC77 /* Release */ = {
			isa = XCBuildConfiguration;
			buildSettings = {
				ALWAYS_SEARCH_USER_PATHS = NO;
				ASSETCATALOG_COMPILER_GENERATE_SWIFT_ASSET_SYMBOL_EXTENSIONS = YES;
				CLANG_ANALYZER_NONNULL = YES;
				CLANG_ANALYZER_NUMBER_OBJECT_CONVERSION = YES_AGGRESSIVE;
				CLANG_CXX_LANGUAGE_STANDARD = "gnu++20";
				CLANG_ENABLE_MODULES = YES;
				CLANG_ENABLE_OBJC_ARC = YES;
				CLANG_ENABLE_OBJC_WEAK = YES;
				CLANG_WARN_BLOCK_CAPTURE_AUTORELEASING = YES;
				CLANG_WARN_BOOL_CONVERSION = YES;
				CLANG_WARN_COMMA = YES;
				CLANG_WARN_CONSTANT_CONVERSION = YES;
				CLANG_WARN_DEPRECATED_OBJC_IMPLEMENTATIONS = YES;
				CLANG_WARN_DIRECT_OBJC_ISA_USAGE = YES_ERROR;
				CLANG_WARN_DOCUMENTATION_COMMENTS = YES;
				CLANG_WARN_EMPTY_BODY = YES;
				CLANG_WARN_ENUM_CONVERSION = YES;
				CLANG_WARN_INFINITE_RECURSION = YES;
				CLANG_WARN_INT_CONVERSION = YES;
				CLANG_WARN_NON_LITERAL_NULL_CONVERSION = YES;
				CLANG_WARN_OBJC_IMPLICIT_RETAIN_SELF = YES;
				CLANG_WARN_OBJC_LITERAL_CONVERSION = YES;
				CLANG_WARN_OBJC_ROOT_CLASS = YES_ERROR;
				CLANG_WARN_QUOTED_INCLUDE_IN_FRAMEWORK_HEADER = YES;
				CLANG_WARN_RANGE_LOOP_ANALYSIS = YES;
				CLANG_WARN_STRICT_PROTOTYPES = YES;
				CLANG_WARN_SUSPICIOUS_MOVE = YES;
				CLANG_WARN_UNGUARDED_AVAILABILITY = YES_AGGRESSIVE;
				CLANG_WARN_UNREACHABLE_CODE = YES;
				CLANG_WARN__DUPLICATE_METHOD_MATCH = YES;
				COPY_PHASE_STRIP = NO;
				DEBUG_INFORMATION_FORMAT = "dwarf-with-dsym";
				ENABLE_NS_ASSERTIONS = NO;
				ENABLE_STRICT_OBJC_MSGSEND = YES;
				ENABLE_USER_SCRIPT_SANDBOXING = YES;
				GCC_C_LANGUAGE_STANDARD = gnu17;
				GCC_NO_COMMON_BLOCKS = YES;
				GCC_WARN_64_TO_32_BIT_CONVERSION = YES;
				GCC_WARN_ABOUT_RETURN_TYPE = YES_ERROR;
				GCC_WARN_UNDECLARED_SELECTOR = YES;
				GCC_WARN_UNINITIALIZED_AUTOS = YES_AGGRESSIVE;
				GCC_WARN_UNUSED_FUNCTION = YES;
				GCC_WARN_UNUSED_VARIABLE = YES;
				LOCALIZATION_PREFERS_STRING_CATALOGS = YES;
				MTL_ENABLE_DEBUG_INFO = NO;
				MTL_FAST_MATH = YES;
				SWIFT_COMPILATION_MODE = wholemodule;
			};
			name = Release;
		};
		F7A406192C13418F008FBC77 /* Debug */ = {
			isa = XCBuildConfiguration;
			buildSettings = {
				ASSETCATALOG_COMPILER_APPICON_NAME = AppIcon;
				ASSETCATALOG_COMPILER_GLOBAL_ACCENT_COLOR_NAME = AccentColor;
				CODE_SIGN_ENTITLEMENTS = FuegoTestApp/FuegoTestApp.entitlements;
				CODE_SIGN_IDENTITY = "Apple Development";
				"CODE_SIGN_IDENTITY[sdk=macosx*]" = "Mac Developer";
				CODE_SIGN_STYLE = Manual;
				CURRENT_PROJECT_VERSION = 1;
				DEVELOPMENT_ASSET_PATHS = "\"FuegoTestApp/Preview Content\"";
				DEVELOPMENT_TEAM = "";
				"DEVELOPMENT_TEAM[sdk=macosx*]" = 8ZRM3D7KC6;
				ENABLE_HARDENED_RUNTIME = YES;
				ENABLE_PREVIEWS = YES;
				GENERATE_INFOPLIST_FILE = YES;
				INFOPLIST_KEY_CFBundleDisplayName = FuegoTestApp;
				"INFOPLIST_KEY_UIApplicationSceneManifest_Generation[sdk=iphoneos*]" = YES;
				"INFOPLIST_KEY_UIApplicationSceneManifest_Generation[sdk=iphonesimulator*]" = YES;
				"INFOPLIST_KEY_UIApplicationSupportsIndirectInputEvents[sdk=iphoneos*]" = YES;
				"INFOPLIST_KEY_UIApplicationSupportsIndirectInputEvents[sdk=iphonesimulator*]" = YES;
				"INFOPLIST_KEY_UILaunchScreen_Generation[sdk=iphoneos*]" = YES;
				"INFOPLIST_KEY_UILaunchScreen_Generation[sdk=iphonesimulator*]" = YES;
				"INFOPLIST_KEY_UIStatusBarStyle[sdk=iphoneos*]" = UIStatusBarStyleDefault;
				"INFOPLIST_KEY_UIStatusBarStyle[sdk=iphonesimulator*]" = UIStatusBarStyleDefault;
				INFOPLIST_KEY_UISupportedInterfaceOrientations_iPad = "UIInterfaceOrientationPortrait UIInterfaceOrientationPortraitUpsideDown UIInterfaceOrientationLandscapeLeft UIInterfaceOrientationLandscapeRight";
				INFOPLIST_KEY_UISupportedInterfaceOrientations_iPhone = "UIInterfaceOrientationPortrait UIInterfaceOrientationLandscapeLeft UIInterfaceOrientationLandscapeRight";
				IPHONEOS_DEPLOYMENT_TARGET = 17.4;
				LD_RUNPATH_SEARCH_PATHS = "@executable_path/Frameworks";
				"LD_RUNPATH_SEARCH_PATHS[sdk=macosx*]" = "@executable_path/../Frameworks";
				MACOSX_DEPLOYMENT_TARGET = 14.4;
				MARKETING_VERSION = 1.0;
				PRODUCT_BUNDLE_IDENTIFIER = mesqueeb.FuegoTestApp;
				PRODUCT_NAME = "$(TARGET_NAME)";
				PROVISIONING_PROFILE_SPECIFIER = "";
				SDKROOT = auto;
				SUPPORTED_PLATFORMS = "iphoneos iphonesimulator macosx xros xrsimulator";
				SUPPORTS_MACCATALYST = NO;
				SWIFT_EMIT_LOC_STRINGS = YES;
				SWIFT_OBJC_BRIDGING_HEADER = ../FuegoOnAppleSilicon/CBridge/include/FuegoBridge.hpp;
				SWIFT_VERSION = 5.0;
				TARGETED_DEVICE_FAMILY = "1,2,7";
			};
			name = Debug;
		};
		F7A4061A2C13418F008FBC77 /* Release */ = {
			isa = XCBuildConfiguration;
			buildSettings = {
				ASSETCATALOG_COMPILER_APPICON_NAME = AppIcon;
				ASSETCATALOG_COMPILER_GLOBAL_ACCENT_COLOR_NAME = AccentColor;
				CODE_SIGN_ENTITLEMENTS = FuegoTestApp/FuegoTestApp.entitlements;
				CODE_SIGN_IDENTITY = "Apple Development";
				"CODE_SIGN_IDENTITY[sdk=macosx*]" = "-";
				CODE_SIGN_STYLE = Automatic;
				CURRENT_PROJECT_VERSION = 1;
				DEVELOPMENT_ASSET_PATHS = "\"FuegoTestApp/Preview Content\"";
				DEVELOPMENT_TEAM = "";
				ENABLE_HARDENED_RUNTIME = YES;
				ENABLE_PREVIEWS = YES;
				GENERATE_INFOPLIST_FILE = YES;
				INFOPLIST_KEY_CFBundleDisplayName = FuegoTestApp;
				"INFOPLIST_KEY_UIApplicationSceneManifest_Generation[sdk=iphoneos*]" = YES;
				"INFOPLIST_KEY_UIApplicationSceneManifest_Generation[sdk=iphonesimulator*]" = YES;
				"INFOPLIST_KEY_UIApplicationSupportsIndirectInputEvents[sdk=iphoneos*]" = YES;
				"INFOPLIST_KEY_UIApplicationSupportsIndirectInputEvents[sdk=iphonesimulator*]" = YES;
				"INFOPLIST_KEY_UILaunchScreen_Generation[sdk=iphoneos*]" = YES;
				"INFOPLIST_KEY_UILaunchScreen_Generation[sdk=iphonesimulator*]" = YES;
				"INFOPLIST_KEY_UIStatusBarStyle[sdk=iphoneos*]" = UIStatusBarStyleDefault;
				"INFOPLIST_KEY_UIStatusBarStyle[sdk=iphonesimulator*]" = UIStatusBarStyleDefault;
				INFOPLIST_KEY_UISupportedInterfaceOrientations_iPad = "UIInterfaceOrientationPortrait UIInterfaceOrientationPortraitUpsideDown UIInterfaceOrientationLandscapeLeft UIInterfaceOrientationLandscapeRight";
				INFOPLIST_KEY_UISupportedInterfaceOrientations_iPhone = "UIInterfaceOrientationPortrait UIInterfaceOrientationLandscapeLeft UIInterfaceOrientationLandscapeRight";
				IPHONEOS_DEPLOYMENT_TARGET = 17.4;
				LD_RUNPATH_SEARCH_PATHS = "@executable_path/Frameworks";
				"LD_RUNPATH_SEARCH_PATHS[sdk=macosx*]" = "@executable_path/../Frameworks";
				MACOSX_DEPLOYMENT_TARGET = 14.4;
				MARKETING_VERSION = 1.0;
				PRODUCT_BUNDLE_IDENTIFIER = mesqueeb.FuegoTestApp;
				PRODUCT_NAME = "$(TARGET_NAME)";
				PROVISIONING_PROFILE_SPECIFIER = "";
				SDKROOT = auto;
				SUPPORTED_PLATFORMS = "iphoneos iphonesimulator macosx xros xrsimulator";
				SUPPORTS_MACCATALYST = NO;
				SWIFT_EMIT_LOC_STRINGS = YES;
				SWIFT_OBJC_BRIDGING_HEADER = ../FuegoOnAppleSilicon/CBridge/include/FuegoBridge.hpp;
				SWIFT_VERSION = 5.0;
				TARGETED_DEVICE_FAMILY = "1,2,7";
			};
			name = Release;
		};
/* End XCBuildConfiguration section */

/* Begin XCConfigurationList section */
		F7A406042C13418E008FBC77 /* Build configuration list for PBXProject "FuegoTestApp" */ = {
			isa = XCConfigurationList;
			buildConfigurations = (
				F7A406162C13418F008FBC77 /* Debug */,
				F7A406172C13418F008FBC77 /* Release */,
			);
			defaultConfigurationIsVisible = 0;
			defaultConfigurationName = Release;
		};
		F7A406182C13418F008FBC77 /* Build configuration list for PBXNativeTarget "FuegoTestApp" */ = {
			isa = XCConfigurationList;
			buildConfigurations = (
				F7A406192C13418F008FBC77 /* Debug */,
				F7A4061A2C13418F008FBC77 /* Release */,
			);
			defaultConfigurationIsVisible = 0;
			defaultConfigurationName = Release;
		};
/* End XCConfigurationList section */

/* Begin XCSwiftPackageProductDependency section */
		F7F406082C136F1E000DCDAD /* FuegoCBridge */ = {
			isa = XCSwiftPackageProductDependency;
			productName = FuegoCBridge;
		};
/* End XCSwiftPackageProductDependency section */
	};
	rootObject = F7A406012C13418E008FBC77 /* Project object */;
}
